
Microsoft Visual Studio Solution File, Format Version 12.00
# Blend for Visual Studio Version 17
VisualStudioVersion = 17.2.32526.322
MinimumVisualStudioVersion = 10.0.40219.1
Project("{FAE04EC0-301F-11D3-BF4B-00C04F79EFBC}") = "贪吃蛇", "贪吃蛇\贪吃蛇.csproj", "{1526D909-336B-40E1-91DB-A2F6F6FD37FC}"
EndProject
Global
	GlobalSection(SolutionConfigurationPlatforms) = preSolution
		Debug|Any CPU = Debug|Any CPU
		Release|Any CPU = Release|Any CPU
	EndGlobalSection
	GlobalSection(ProjectConfigurationPlatforms) = postSolution
		{1526D909-336B-40E1-91DB-A2F6F6FD37FC}.Debug|Any CPU.ActiveCfg = Debug|Any CPU
		{1526D909-336B-40E1-91DB-A2F6F6FD37FC}.Debug|Any CPU.Build.0 = Debug|Any CPU
		{1526D909-336B-40E1-91DB-A2F6F6FD37FC}.Release|Any CPU.ActiveCfg = Release|Any CPU
		{1526D909-336B-40E1-91DB-A2F6F6FD37FC}.Release|Any CPU.Build.0 = Release|Any CPU
	EndGlobalSection
	GlobalSection(SolutionProperties) = preSolution
		HideSolutionNode = FALSE
	EndGlobalSection
	GlobalSection(ExtensibilityGlobals) = postSolution
		SolutionGuid = {678EFA00-EA17-422B-ACFC-846C069A9017}
	EndGlobalSection
EndGlobal
